{
  "name": "Personal-Automation-Application",
  "lockfileVersion": 3,
  "requires": true,
  "packages": {
    "": {
      "dependencies": {
        "@fontsource/manrope": "^5.2.6"
      }
    },
    "node_modules/@fontsource/manrope": {
      "version": "5.2.6",
      "resolved": "https://registry.npmjs.org/@fontsource/manrope/-/manrope-5.2.6.tgz",
      "integrity": "sha512-tboCPLGXWWkNORL7gRhA1m16FJj2QuObk2lhBvkNrpjW0911pGawvHwxuierKHojPtXptfMJo7CUWxXGkKN5zA==",
      "license": "OFL-1.1",
      "funding": {
        "url": "https://github.com/sponsors/ayuhito"
      }
    }
  }
}
